// !$*UTF8*$!
{
	archiveVersion = 1;
	classes = {
	};
	objectVersion = 46;
	objects = {

/* Begin PBXBuildFile section */
		630F9F8A1D954D4B00BB63FF /* AppDelegate.swift in Sources */ = {isa = PBXBuildFile; fileRef = 630F9F891D954D4B00BB63FF /* AppDelegate.swift */; };
		630F9F8C1D954D4B00BB63FF /* WeatherViewController.swift in Sources */ = {isa = PBXBuildFile; fileRef = 630F9F8B1D954D4B00BB63FF /* WeatherViewController.swift */; };
		630F9F8F1D954D4B00BB63FF /* Main.storyboard in Resources */ = {isa = PBXBuildFile; fileRef = 630F9F8D1D954D4B00BB63FF /* Main.storyboard */; };
		630F9F911D954D4B00BB63FF /* Assets.xcassets in Resources */ = {isa = PBXBuildFile; fileRef = 630F9F901D954D4B00BB63FF /* Assets.xcassets */; };
		630F9F941D954D4B00BB63FF /* LaunchScreen.storyboard in Resources */ = {isa = PBXBuildFile; fileRef = 630F9F921D954D4B00BB63FF /* LaunchScreen.storyboard */; };
		6355A80C1DA2753F00CE7C1B /* Forecast.swift in Sources */ = {isa = PBXBuildFile; fileRef = 6355A80B1DA2753F00CE7C1B /* Forecast.swift */; };
		63CDCAAA1D95774F001B9C13 /* Constants.swift in Sources */ = {isa = PBXBuildFile; fileRef = 63CDCAA91D95774F001B9C13 /* Constants.swift */; };
		63F5576F1D957BAD004946AB /* CurrentWeather.swift in Sources */ = {isa = PBXBuildFile; fileRef = 63F5576E1D957BAD004946AB /* CurrentWeather.swift */; };
		6B7B9EB4365F65AD9DE33256 /* Pods_ios_weather_app.framework in Frameworks */ = {isa = PBXBuildFile; fileRef = 9EA9D5D91F0D7D8469958935 /* Pods_ios_weather_app.framework */; };
/* End PBXBuildFile section */

/* Begin PBXFileReference section */
		288B826FD2FBA132ECBD5CD6 /* Pods-ios-weather-app.debug.xcconfig */ = {isa = PBXFileReference; includeInIndex = 1; lastKnownFileType = text.xcconfig; name = "Pods-ios-weather-app.debug.xcconfig"; path = "Pods/Target Support Files/Pods-ios-weather-app/Pods-ios-weather-app.debug.xcconfig"; sourceTree = "<group>"; };
		630F9F861D954D4B00BB63FF /* ios-weather-app.app */ = {isa = PBXFileReference; explicitFileType = wrapper.application; includeInIndex = 0; path = "ios-weather-app.app"; sourceTree = BUILT_PRODUCTS_DIR; };
		630F9F891D954D4B00BB63FF /* AppDelegate.swift */ = {isa = PBXFileReference; lastKnownFileType = sourcecode.swift; path = AppDelegate.swift; sourceTree = "<group>"; };
		630F9F8B1D954D4B00BB63FF /* WeatherViewController.swift */ = {isa = PBXFileReference; lastKnownFileType = sourcecode.swift; path = WeatherViewController.swift; sourceTree = "<group>"; };
		630F9F8E1D954D4B00BB63FF /* Base */ = {isa = PBXFileReference; lastKnownFileType = file.storyboard; name = Base; path = Base.lproj/Main.storyboard; sourceTree = "<group>"; };
		630F9F901D954D4B00BB63FF /* Assets.xcassets */ = {isa = PBXFileReference; lastKnownFileType = folder.assetcatalog; path = Assets.xcassets; sourceTree = "<group>"; };
		630F9F931D954D4B00BB63FF /* Base */ = {isa = PBXFileReference; lastKnownFileType = file.storyboard; name = Base; path = Base.lproj/LaunchScreen.storyboard; sourceTree = "<group>"; };
		630F9F951D954D4B00BB63FF /* Info.plist */ = {isa = PBXFileReference; lastKnownFileType = text.plist.xml; path = Info.plist; sourceTree = "<group>"; };
		6355A80B1DA2753F00CE7C1B /* Forecast.swift */ = {isa = PBXFileReference; fileEncoding = 4; lastKnownFileType = sourcecode.swift; path = Forecast.swift; sourceTree = "<group>"; };
		63CDCAA91D95774F001B9C13 /* Constants.swift */ = {isa = PBXFileReference; fileEncoding = 4; lastKnownFileType = sourcecode.swift; path = Constants.swift; sourceTree = "<group>"; };
		63F5576E1D957BAD004946AB /* CurrentWeather.swift */ = {isa = PBXFileReference; fileEncoding = 4; lastKnownFileType = sourcecode.swift; path = CurrentWeather.swift; sourceTree = "<group>"; };
		9EA9D5D91F0D7D8469958935 /* Pods_ios_weather_app.framework */ = {isa = PBXFileReference; explicitFileType = wrapper.framework; includeInIndex = 0; path = Pods_ios_weather_app.framework; sourceTree = BUILT_PRODUCTS_DIR; };
		D8B9AC2A0DC4A0BE3B46F18A /* Pods-ios-weather-app.release.xcconfig */ = {isa = PBXFileReference; includeInIndex = 1; lastKnownFileType = text.xcconfig; name = "Pods-ios-weather-app.release.xcconfig"; path = "Pods/Target Support Files/Pods-ios-weather-app/Pods-ios-weather-app.release.xcconfig"; sourceTree = "<group>"; };
/* End PBXFileReference section */

/* Begin PBXFrameworksBuildPhase section */
		630F9F831D954D4B00BB63FF /* Frameworks */ = {
			isa = PBXFrameworksBuildPhase;
			buildActionMask = 2147483647;
			files = (
				6B7B9EB4365F65AD9DE33256 /* Pods_ios_weather_app.framework in Frameworks */,
			);
			runOnlyForDeploymentPostprocessing = 0;
		};
/* End PBXFrameworksBuildPhase section */

/* Begin PBXGroup section */
		4DDE0A601BC08C5EAEAA0E2E /* Pods */ = {
			isa = PBXGroup;
			children = (
				288B826FD2FBA132ECBD5CD6 /* Pods-ios-weather-app.debug.xcconfig */,
				D8B9AC2A0DC4A0BE3B46F18A /* Pods-ios-weather-app.release.xcconfig */,
			);
			name = Pods;
			sourceTree = "<group>";
		};
		630F9F7D1D954D4B00BB63FF = {
			isa = PBXGroup;
			children = (
				630F9F881D954D4B00BB63FF /* ios-weather-app */,
				630F9F871D954D4B00BB63FF /* Products */,
				4DDE0A601BC08C5EAEAA0E2E /* Pods */,
				639DD9A6AF0A7FB35059678D /* Frameworks */,
			);
			sourceTree = "<group>";
		};
		630F9F871D954D4B00BB63FF /* Products */ = {
			isa = PBXGroup;
			children = (
				630F9F861D954D4B00BB63FF /* ios-weather-app.app */,
			);
			name = Products;
			sourceTree = "<group>";
		};
		630F9F881D954D4B00BB63FF /* ios-weather-app */ = {
			isa = PBXGroup;
			children = (
				630F9F891D954D4B00BB63FF /* AppDelegate.swift */,
				630F9F8B1D954D4B00BB63FF /* WeatherViewController.swift */,
				630F9F8D1D954D4B00BB63FF /* Main.storyboard */,
				630F9F901D954D4B00BB63FF /* Assets.xcassets */,
				630F9F921D954D4B00BB63FF /* LaunchScreen.storyboard */,
				630F9F951D954D4B00BB63FF /* Info.plist */,
				63CDCAA91D95774F001B9C13 /* Constants.swift */,
				63F5576E1D957BAD004946AB /* CurrentWeather.swift */,
				6355A80B1DA2753F00CE7C1B /* Forecast.swift */,
			);
			path = "ios-weather-app";
			sourceTree = "<group>";
		};
		639DD9A6AF0A7FB35059678D /* Frameworks */ = {
			isa = PBXGroup;
			children = (
				9EA9D5D91F0D7D8469958935 /* Pods_ios_weather_app.framework */,
			);
			name = Frameworks;
			sourceTree = "<group>";
		};
/* End PBXGroup section */

/* Begin PBXNativeTarget section */
		630F9F851D954D4B00BB63FF /* ios-weather-app */ = {
			isa = PBXNativeTarget;
			buildConfigurationList = 630F9F981D954D4B00BB63FF /* Build configuration list for PBXNativeTarget "ios-weather-app" */;
			buildPhases = (
				8D66A2DFD4DA54594E219D15 /* [CP] Check Pods Manifest.lock */,
				630F9F821D954D4B00BB63FF /* Sources */,
				630F9F831D954D4B00BB63FF /* Frameworks */,
				630F9F841D954D4B00BB63FF /* Resources */,
				C00FBCCDD78F3722201FBB51 /* [CP] Embed Pods Frameworks */,
				BDA60D6F78A1E6E84D1C9A1B /* [CP] Copy Pods Resources */,
			);
			buildRules = (
			);
			dependencies = (
			);
			name = "ios-weather-app";
			productName = "ios-weather-app";
			productReference = 630F9F861D954D4B00BB63FF /* ios-weather-app.app */;
			productType = "com.apple.product-type.application";
		};
/* End PBXNativeTarget section */

/* Begin PBXProject section */
		630F9F7E1D954D4B00BB63FF /* Project object */ = {
			isa = PBXProject;
			attributes = {
				LastSwiftUpdateCheck = 0800;
				LastUpgradeCheck = 0800;
				ORGANIZATIONNAME = "Zoran Todorovic";
				TargetAttributes = {
					630F9F851D954D4B00BB63FF = {
						CreatedOnToolsVersion = 8.0;
						DevelopmentTeam = 9FR7GGK45Q;
						LastSwiftMigration = 0800;
						ProvisioningStyle = Automatic;
					};
				};
			};
			buildConfigurationList = 630F9F811D954D4B00BB63FF /* Build configuration list for PBXProject "ios-weather-app" */;
			compatibilityVersion = "Xcode 3.2";
			developmentRegion = English;
			hasScannedForEncodings = 0;
			knownRegions = (
				en,
				Base,
			);
			mainGroup = 630F9F7D1D954D4B00BB63FF;
			productRefGroup = 630F9F871D954D4B00BB63FF /* Products */;
			projectDirPath = "";
			projectRoot = "";
			targets = (
				630F9F851D954D4B00BB63FF /* ios-weather-app */,
			);
		};
/* End PBXProject section */

/* Begin PBXResourcesBuildPhase section */
		630F9F841D954D4B00BB63FF /* Resources */ = {
			isa = PBXResourcesBuildPhase;
			buildActionMask = 2147483647;
			files = (
				630F9F941D954D4B00BB63FF /* LaunchScreen.storyboard in Resources */,
				630F9F911D954D4B00BB63FF /* Assets.xcassets in Resources */,
				630F9F8F1D954D4B00BB63FF /* Main.storyboard in Resources */,
			);
			runOnlyForDeploymentPostprocessing = 0;
		};
/* End PBXResourcesBuildPhase section */

/* Begin PBXShellScriptBuildPhase section */
		8D66A2DFD4DA54594E219D15 /* [CP] Check Pods Manifest.lock */ = {
			isa = PBXShellScriptBuildPhase;
			buildActionMask = 2147483647;
			files = (
			);
			inputPaths = (
			);
			name = "[CP] Check Pods Manifest.lock";
			outputPaths = (
			);
			runOnlyForDeploymentPostprocessing = 0;
			shellPath = /bin/sh;
			shellScript = "diff \"${PODS_ROOT}/../Podfile.lock\" \"${PODS_ROOT}/Manifest.lock\" > /dev/null\nif [[ $? != 0 ]] ; then\n    cat << EOM\nerror: The sandbox is not in sync with the Podfile.lock. Run 'pod install' or update your CocoaPods installation.\nEOM\n    exit 1\nfi\n";
			showEnvVarsInLog = 0;
		};
		BDA60D6F78A1E6E84D1C9A1B /* [CP] Copy Pods Resources */ = {
			isa = PBXShellScriptBuildPhase;
			buildActionMask = 2147483647;
			files = (
			);
			inputPaths = (
			);
			name = "[CP] Copy Pods Resources";
			outputPaths = (
			);
			runOnlyForDeploymentPostprocessing = 0;
			shellPath = /bin/sh;
			shellScript = "\"${SRCROOT}/Pods/Target Support Files/Pods-ios-weather-app/Pods-ios-weather-app-resources.sh\"\n";
			showEnvVarsInLog = 0;
		};
		C00FBCCDD78F3722201FBB51 /* [CP] Embed Pods Frameworks */ = {
			isa = PBXShellScriptBuildPhase;
			buildActionMask = 2147483647;
			files = (
			);
			inputPaths = (
			);
			name = "[CP] Embed Pods Frameworks";
			outputPaths = (
			);
			runOnlyForDeploymentPostprocessing = 0;
			shellPath = /bin/sh;
			shellScript = "\"${SRCROOT}/Pods/Target Support Files/Pods-ios-weather-app/Pods-ios-weather-app-frameworks.sh\"\n";
			showEnvVarsInLog = 0;
		};
/* End PBXShellScriptBuildPhase section */

/* Begin PBXSourcesBuildPhase section */
		630F9F821D954D4B00BB63FF /* Sources */ = {
			isa = PBXSourcesBuildPhase;
			buildActionMask = 2147483647;
			files = (
				630F9F8C1D954D4B00BB63FF /* WeatherViewController.swift in Sources */,
				630F9F8A1D954D4B00BB63FF /* AppDelegate.swift in Sources */,
				63F5576F1D957BAD004946AB /* CurrentWeather.swift in Sources */,
				63CDCAAA1D95774F001B9C13 /* Constants.swift in Sources */,
				6355A80C1DA2753F00CE7C1B /* Forecast.swift in Sources */,
			);
			runOnlyForDeploymentPostprocessing = 0;
		};
/* End PBXSourcesBuildPhase section */

/* Begin PBXVariantGroup section */
		630F9F8D1D954D4B00BB63FF /* Main.storyboard */ = {
			isa = PBXVariantGroup;
			children = (
				630F9F8E1D954D4B00BB63FF /* Base */,
			);
			name = Main.storyboard;
			sourceTree = "<group>";
		};
		630F9F921D954D4B00BB63FF /* LaunchScreen.storyboard */ = {
			isa = PBXVariantGroup;
			children = (
				630F9F931D954D4B00BB63FF /* Base */,
			);
			name = LaunchScreen.storyboard;
			sourceTree = "<group>";
		};
/* End PBXVariantGroup section */

/* Begin XCBuildConfiguration section */
		630F9F961D954D4B00BB63FF /* Debug */ = {
			isa = XCBuildConfiguration;
			buildSettings = {
				ALWAYS_SEARCH_USER_PATHS = NO;
				CLANG_ANALYZER_NONNULL = YES;
				CLANG_CXX_LANGUAGE_STANDARD = "gnu++0x";
				CLANG_CXX_LIBRARY = "libc++";
				CLANG_ENABLE_MODULES = YES;
				CLANG_ENABLE_OBJC_ARC = YES;
				CLANG_WARN_BOOL_CONVERSION = YES;
				CLANG_WARN_CONSTANT_CONVERSION = YES;
				CLANG_WARN_DIRECT_OBJC_ISA_USAGE = YES_ERROR;
				CLANG_WARN_DOCUMENTATION_COMMENTS = YES;
				CLANG_WARN_EMPTY_BODY = YES;
				CLANG_WARN_ENUM_CONVERSION = YES;
				CLANG_WARN_INFINITE_RECURSION = YES;
				CLANG_WARN_INT_CONVERSION = YES;
				CLANG_WARN_OBJC_ROOT_CLASS = YES_ERROR;
				CLANG_WARN_SUSPICIOUS_MOVE = YES;
				CLANG_WARN_SUSPICIOUS_MOVES = YES;
				CLANG_WARN_UNREACHABLE_CODE = YES;
				CLANG_WARN__DUPLICATE_METHOD_MATCH = YES;
				"CODE_SIGN_IDENTITY[sdk=iphoneos*]" = "iPhone Developer";
				COPY_PHASE_STRIP = NO;
				DEBUG_INFORMATION_FORMAT = dwarf;
				ENABLE_STRICT_OBJC_MSGSEND = YES;
				ENABLE_TESTABILITY = YES;
				GCC_C_LANGUAGE_STANDARD = gnu99;
				GCC_DYNAMIC_NO_PIC = NO;
				GCC_NO_COMMON_BLOCKS = YES;
				GCC_OPTIMIZATION_LEVEL = 0;
				GCC_PREPROCESSOR_DEFINITIONS = (
					"DEBUG=1",
					"$(inherited)",
				);
				GCC_WARN_64_TO_32_BIT_CONVERSION = YES;
				GCC_WARN_ABOUT_RETURN_TYPE = YES_ERROR;
				GCC_WARN_UNDECLARED_SELECTOR = YES;
				GCC_WARN_UNINITIALIZED_AUTOS = YES_AGGRESSIVE;
				GCC_WARN_UNUSED_FUNCTION = YES;
				GCC_WARN_UNUSED_VARIABLE = YES;
				IPHONEOS_DEPLOYMENT_TARGET = 10.0;
				MTL_ENABLE_DEBUG_INFO = YES;
				ONLY_ACTIVE_ARCH = YES;
				SDKROOT = iphoneos;
				SWIFT_ACTIVE_COMPILATION_CONDITIONS = DEBUG;
				SWIFT_OPTIMIZATION_LEVEL = "-Onone";
			};
			name = Debug;
		};
		630F9F971D954D4B00BB63FF /* Release */ = {
			isa = XCBuildConfiguration;
			buildSettings = {
				ALWAYS_SEARCH_USER_PATHS = NO;
				CLANG_ANALYZER_NONNULL = YES;
				CLANG_CXX_LANGUAGE_STANDARD = "gnu++0x";
				CLANG_CXX_LIBRARY = "libc++";
				CLANG_ENABLE_MODULES = YES;
				CLANG_ENABLE_OBJC_ARC = YES;
				CLANG_WARN_BOOL_CONVERSION = YES;
				CLANG_WARN_CONSTANT_CONVERSION = YES;
				CLANG_WARN_DIRECT_OBJC_ISA_USAGE = YES_ERROR;
				CLANG_WARN_DOCUMENTATION_COMMENTS = YES;
				CLANG_WARN_EMPTY_BODY = YES;
				CLANG_WARN_ENUM_CONVERSION = YES;
				CLANG_WARN_INFINITE_RECURSION = YES;
				CLANG_WARN_INT_CONVERSION = YES;
				CLANG_WARN_OBJC_ROOT_CLASS = YES_ERROR;
				CLANG_WARN_SUSPICIOUS_MOVE = YES;
				CLANG_WARN_SUSPICIOUS_MOVES = YES;
				CLANG_WARN_UNREACHABLE_CODE = YES;
				CLANG_WARN__DUPLICATE_METHOD_MATCH = YES;
				"CODE_SIGN_IDENTITY[sdk=iphoneos*]" = "iPhone Developer";
				COPY_PHASE_STRIP = NO;
				DEBUG_INFORMATION_FORMAT = "dwarf-with-dsym";
				ENABLE_NS_ASSERTIONS = NO;
				ENABLE_STRICT_OBJC_MSGSEND = YES;
				GCC_C_LANGUAGE_STANDARD = gnu99;
				GCC_NO_COMMON_BLOCKS = YES;
				GCC_WARN_64_TO_32_BIT_CONVERSION = YES;
				GCC_WARN_ABOUT_RETURN_TYPE = YES_ERROR;
				GCC_WARN_UNDECLARED_SELECTOR = YES;
				GCC_WARN_UNINITIALIZED_AUTOS = YES_AGGRESSIVE;
				GCC_WARN_UNUSED_FUNCTION = YES;
				GCC_WARN_UNUSED_VARIABLE = YES;
				IPHONEOS_DEPLOYMENT_TARGET = 10.0;
				MTL_ENABLE_DEBUG_INFO = NO;
				SDKROOT = iphoneos;
				SWIFT_OPTIMIZATION_LEVEL = "-Owholemodule";
				VALIDATE_PRODUCT = YES;
			};
			name = Release;
		};
		630F9F991D954D4B00BB63FF /* Debug */ = {
			isa = XCBuildConfiguration;
			baseConfigurationReference = 288B826FD2FBA132ECBD5CD6 /* Pods-ios-weather-app.debug.xcconfig */;
			buildSettings = {
				ALWAYS_EMBED_SWIFT_STANDARD_LIBRARIES = YES;
				ASSETCATALOG_COMPILER_LAUNCHIMAGE_NAME = LaunchImage;
				DEVELOPMENT_TEAM = 9FR7GGK45Q;
				INFOPLIST_FILE = "ios-weather-app/Info.plist";
				LD_RUNPATH_SEARCH_PATHS = "$(inherited) @executable_path/Frameworks";
				PRODUCT_BUNDLE_IDENTIFIER = "ztodorovic.ios-weather-app";
				PRODUCT_NAME = "$(TARGET_NAME)";
				SWIFT_VERSION = 3.0;
			};
			name = Debug;
		};
		630F9F9A1D954D4B00BB63FF /* Release */ = {
			isa = XCBuildConfiguration;
			baseConfigurationReference = D8B9AC2A0DC4A0BE3B46F18A /* Pods-ios-weather-app.release.xcconfig */;
			buildSettings = {
				ALWAYS_EMBED_SWIFT_STANDARD_LIBRARIES = YES;
				ASSETCATALOG_COMPILER_LAUNCHIMAGE_NAME = LaunchImage;
				DEVELOPMENT_TEAM = 9FR7GGK45Q;
				INFOPLIST_FILE = "ios-weather-app/Info.plist";
				LD_RUNPATH_SEARCH_PATHS = "$(inherited) @executable_path/Frameworks";
				PRODUCT_BUNDLE_IDENTIFIER = "ztodorovic.ios-weather-app";
				PRODUCT_NAME = "$(TARGET_NAME)";
				SWIFT_VERSION = 3.0;
			};
			name = Release;
		};
/* End XCBuildConfiguration section */

/* Begin XCConfigurationList section */
		630F9F811D954D4B00BB63FF /* Build configuration list for PBXProject "ios-weather-app" */ = {
			isa = XCConfigurationList;
			buildConfigurations = (
				630F9F961D954D4B00BB63FF /* Debug */,
				630F9F971D954D4B00BB63FF /* Release */,
			);
			defaultConfigurationIsVisible = 0;
			defaultConfigurationName = Release;
		};
		630F9F981D954D4B00BB63FF /* Build configuration list for PBXNativeTarget "ios-weather-app" */ = {
			isa = XCConfigurationList;
			buildConfigurations = (
				630F9F991D954D4B00BB63FF /* Debug */,
				630F9F9A1D954D4B00BB63FF /* Release */,
			);
			defaultConfigurationIsVisible = 0;
			defaultConfigurationName = Release;
		};
/* End XCConfigurationList section */
	};
	rootObject = 630F9F7E1D954D4B00BB63FF /* Project object */;
}
